
Microsoft Visual Studio Solution File, Format Version 12.00
# Visual Studio Version 17
VisualStudioVersion = 17.3.32804.467
MinimumVisualStudioVersion = 10.0.40219.1
Project("{FAE04EC0-301F-11D3-BF4B-00C04F79EFBC}") = "WindowsFormsApp1", "WindowsFormsApp1\WindowsFormsApp1.csproj", "{DD0CF173-0E6F-4EEB-A849-D714C6335863}"
EndProject
Global
	GlobalSection(SolutionConfigurationPlatforms) = preSolution
		Debug|Any CPU = Debug|Any CPU
		Release|Any CPU = Release|Any CPU
	EndGlobalSection
	GlobalSection(ProjectConfigurationPlatforms) = postSolution
		{DD0CF173-0E6F-4EEB-A849-D714C6335863}.Debug|Any CPU.ActiveCfg = Debug|Any CPU
		{DD0CF173-0E6F-4EEB-A849-D714C6335863}.Debug|Any CPU.Build.0 = Debug|Any CPU
		{DD0CF173-0E6F-4EEB-A849-D714C6335863}.Release|Any CPU.ActiveCfg = Release|Any CPU
		{DD0CF173-0E6F-4EEB-A849-D714C6335863}.Release|Any CPU.Build.0 = Release|Any CPU
	EndGlobalSection
	GlobalSection(SolutionProperties) = preSolution
		HideSolutionNode = FALSE
	EndGlobalSection
	GlobalSection(ExtensibilityGlobals) = postSolution
		SolutionGuid = {DECD9F53-58D3-4C5D-A58F-B90CA5BA9080}
	EndGlobalSection
EndGlobal
